
Microsoft Visual Studio Solution File, Format Version 12.00
# Visual Studio Version 17
VisualStudioVersion = 17.11.35312.102
MinimumVisualStudioVersion = 10.0.40219.1
Project("{FAE04EC0-301F-11D3-BF4B-00C04F79EFBC}") = "FileCompare", "AcTestSimplifier\FileCompare.csproj", "{78BB9E25-0DD4-4CE6-AAF4-825175BFFF10}"
EndProject
Global
	GlobalSection(SolutionConfigurationPlatforms) = preSolution
		Debug|Any CPU = Debug|Any CPU
		Release|Any CPU = Release|Any CPU
	EndGlobalSection
	GlobalSection(ProjectConfigurationPlatforms) = postSolution
		{78BB9E25-0DD4-4CE6-AAF4-825175BFFF10}.Debug|Any CPU.ActiveCfg = Debug|Any CPU
		{78BB9E25-0DD4-4CE6-AAF4-825175BFFF10}.Debug|Any CPU.Build.0 = Debug|Any CPU
		{78BB9E25-0DD4-4CE6-AAF4-825175BFFF10}.Release|Any CPU.ActiveCfg = Release|Any CPU
		{78BB9E25-0DD4-4CE6-AAF4-825175BFFF10}.Release|Any CPU.Build.0 = Release|Any CPU
	EndGlobalSection
	GlobalSection(SolutionProperties) = preSolution
		HideSolutionNode = FALSE
	EndGlobalSection
	GlobalSection(ExtensibilityGlobals) = postSolution
		SolutionGuid = {9E4B4280-F2B7-41E3-8863-6B2EA41C39AA}
	EndGlobalSection
EndGlobal
